
Microsoft Visual Studio Solution File, Format Version 12.00
# Visual Studio Version 16
VisualStudioVersion = 16.0.31019.35
MinimumVisualStudioVersion = 10.0.40219.1
Project("{FAE04EC0-301F-11D3-BF4B-00C04F79EFBC}") = "TDDLibrary", "TDDLibrary\TDDLibrary.csproj", "{DBB4ABFA-24EA-423E-8CD7-6B9CE3E16F4B}"
EndProject
Project("{FAE04EC0-301F-11D3-BF4B-00C04F79EFBC}") = "TDDLibraryTest", "TDDLibraryTest\TDDLibraryTest.csproj", "{319CE61E-F05A-4F8B-BBE1-029CA120F921}"
EndProject
Global
	GlobalSection(SolutionConfigurationPlatforms) = preSolution
		Debug|Any CPU = Debug|Any CPU
		Release|Any CPU = Release|Any CPU
	EndGlobalSection
	GlobalSection(ProjectConfigurationPlatforms) = postSolution
		{DBB4ABFA-24EA-423E-8CD7-6B9CE3E16F4B}.Debug|Any CPU.ActiveCfg = Debug|Any CPU
		{DBB4ABFA-24EA-423E-8CD7-6B9CE3E16F4B}.Debug|Any CPU.Build.0 = Debug|Any CPU
		{DBB4ABFA-24EA-423E-8CD7-6B9CE3E16F4B}.Release|Any CPU.ActiveCfg = Release|Any CPU
		{DBB4ABFA-24EA-423E-8CD7-6B9CE3E16F4B}.Release|Any CPU.Build.0 = Release|Any CPU
		{319CE61E-F05A-4F8B-BBE1-029CA120F921}.Debug|Any CPU.ActiveCfg = Debug|Any CPU
		{319CE61E-F05A-4F8B-BBE1-029CA120F921}.Debug|Any CPU.Build.0 = Debug|Any CPU
		{319CE61E-F05A-4F8B-BBE1-029CA120F921}.Release|Any CPU.ActiveCfg = Release|Any CPU
		{319CE61E-F05A-4F8B-BBE1-029CA120F921}.Release|Any CPU.Build.0 = Release|Any CPU
	EndGlobalSection
	GlobalSection(SolutionProperties) = preSolution
		HideSolutionNode = FALSE
	EndGlobalSection
	GlobalSection(ExtensibilityGlobals) = postSolution
		SolutionGuid = {EB12EE02-7CA3-4150-B7A3-E8510C990E87}
	EndGlobalSection
EndGlobal
